
Microsoft Visual Studio Solution File, Format Version 12.00
# Visual Studio Version 16
VisualStudioVersion = 16.0.30011.22
MinimumVisualStudioVersion = 10.0.40219.1
Project("{FAE04EC0-301F-11D3-BF4B-00C04F79EFBC}") = "RageTutorial", "RageTutorial\RageTutorial.csproj", "{9F2EF895-5A04-4A43-B68F-56CF4ECEEE39}"
EndProject
Global
	GlobalSection(SolutionConfigurationPlatforms) = preSolution
		Debug|Any CPU = Debug|Any CPU
		Release|Any CPU = Release|Any CPU
	EndGlobalSection
	GlobalSection(ProjectConfigurationPlatforms) = postSolution
		{9F2EF895-5A04-4A43-B68F-56CF4ECEEE39}.Debug|Any CPU.ActiveCfg = Debug|Any CPU
		{9F2EF895-5A04-4A43-B68F-56CF4ECEEE39}.Debug|Any CPU.Build.0 = Debug|Any CPU
		{9F2EF895-5A04-4A43-B68F-56CF4ECEEE39}.Release|Any CPU.ActiveCfg = Release|Any CPU
		{9F2EF895-5A04-4A43-B68F-56CF4ECEEE39}.Release|Any CPU.Build.0 = Release|Any CPU
	EndGlobalSection
	GlobalSection(SolutionProperties) = preSolution
		HideSolutionNode = FALSE
	EndGlobalSection
	GlobalSection(ExtensibilityGlobals) = postSolution
		SolutionGuid = {BA0142F7-BD74-47E1-BA12-198BDD632AB1}
	EndGlobalSection
EndGlobal
